lockfileVersion: '9.0'

settings:
  autoInstallPeers: true
  excludeLinksFromLockfile: false

importers:

  .:
    dependencies:
      '@literate.ink/utilities':
        specifier: 1.0.0-12562188342.1
        version: 1.0.0-12562188342.1
      '@scure/base':
        specifier: ^1.2.1
        version: 1.2.1

packages:

  '@literate.ink/utilities@1.0.0-12562188342.1':
    resolution: {integrity: sha512-9GFdA/as7C8/X0wqx04Umj32rynONI3J5EPkYRMtdA668vvM8rc58UD8Mv8ZiBAigqPY5nYm2JZuryfBAwV7Bw==, tarball: https://registry.npmjs.org/@literate.ink/utilities/-/utilities-1.0.0-12562188342.1.tgz}

  '@scure/base@1.2.1':
    resolution: {integrity: sha512-DGmGtC8Tt63J5GfHgfl5CuAXh96VF/LD8K9Hr/Gv0J2lAoRGlPOMpqMpMbCTOoOJMZCk2Xt+DskdDyn6dEFdzQ==, tarball: https://registry.npmjs.org/@scure/base/-/base-1.2.1.tgz}

snapshots:

  '@literate.ink/utilities@1.0.0-12562188342.1': {}

  '@scure/base@1.2.1': {}
