lockfileVersion: '9.0'

settings:
  autoInstallPeers: true
  excludeLinksFromLockfile: false

importers:

  .:
    dependencies:
      '@literate.ink/utilities':
        specifier: 1.0.0-12591990391.1
        version: 1.0.0-12591990391.1
      '@scure/base':
        specifier: ^1.2.1
        version: 1.2.1

packages:

  '@literate.ink/utilities@1.0.0-12591990391.1':
    resolution: {integrity: sha512-0202BBwtkDuzi96JGsrZEazGfQsHVx5vIGipUvp0UrwVnTTORR4BOmCuUAQWyw9OCIxWcJGAZ8kwX8WiKbJTNQ==}

  '@scure/base@1.2.1':
    resolution: {integrity: sha512-DGmGtC8Tt63J5GfHgfl5CuAXh96VF/LD8K9Hr/Gv0J2lAoRGlPOMpqMpMbCTOoOJMZCk2Xt+DskdDyn6dEFdzQ==}

snapshots:

  '@literate.ink/utilities@1.0.0-12591990391.1': {}

  '@scure/base@1.2.1': {}
